Microsoft Visual Studio Solution File, Format Version 12.00
# Visual Studio Version 17
VisualStudioVersion = 17.5.2.0
MinimumVisualStudioVersion = 10.0.40219.1
Project("{FAE04EC0-301F-11D3-BF4B-00C04F79EFBC}") = "MarvelillosoApi", "MarvelillosoApi.csproj", "{158E937D-C377-C3BA-9917-4E0A1916ACD6}"
EndProject
Global
	GlobalSection(SolutionConfigurationPlatforms) = preSolution
		Debug|Any CPU = Debug|Any CPU
		Release|Any CPU = Release|Any CPU
	EndGlobalSection
	GlobalSection(ProjectConfigurationPlatforms) = postSolution
		{158E937D-C377-C3BA-9917-4E0A1916ACD6}.Debug|Any CPU.ActiveCfg = Debug|Any CPU
		{158E937D-C377-C3BA-9917-4E0A1916ACD6}.Debug|Any CPU.Build.0 = Debug|Any CPU
		{158E937D-C377-C3BA-9917-4E0A1916ACD6}.Release|Any CPU.ActiveCfg = Release|Any CPU
		{158E937D-C377-C3BA-9917-4E0A1916ACD6}.Release|Any CPU.Build.0 = Release|Any CPU
	EndGlobalSection
	GlobalSection(SolutionProperties) = preSolution
		HideSolutionNode = FALSE
	EndGlobalSection
	GlobalSection(ExtensibilityGlobals) = postSolution
		SolutionGuid = {A345F4BB-FCB9-4BAB-AF74-265EE9732320}
	EndGlobalSection
EndGlobal
